
Microsoft Visual Studio Solution File, Format Version 12.00
# Visual Studio Version 17
VisualStudioVersion = 17.13.35931.197
MinimumVisualStudioVersion = 10.0.40219.1
Project("{FAE04EC0-301F-11D3-BF4B-00C04F79EFBC}") = "WinFormsApp1", "WinFormsApp1.csproj", "{8C379041-966A-4036-8AB1-C327EFDAED9E}"
EndProject
Project("{FAE04EC0-301F-11D3-BF4B-00C04F79EFBC}") = "FormDangKy", "..\FormDangKy\FormDangKy.csproj", "{A80BF00A-1198-4824-8FB7-DAFB30F4893C}"
EndProject
Project("{FAE04EC0-301F-11D3-BF4B-00C04F79EFBC}") = "FormDangNhap", "..\FormDangNhap\FormDangNhap.csproj", "{8435396D-D7E5-4659-90E1-B6291C0FD843}"
EndProject
Project("{FAE04EC0-301F-11D3-BF4B-00C04F79EFBC}") = "QuenForm", "..\QuenForm\QuenForm.csproj", "{47AF4A4C-AB4B-42BB-AD2F-6ED074133215}"
EndProject
Project("{FAE04EC0-301F-11D3-BF4B-00C04F79EFBC}") = "FormThem", "..\FormThem\FormThem.csproj", "{59533AD3-F770-4920-AF32-880B3A2306AC}"
EndProject
Global
	GlobalSection(SolutionConfigurationPlatforms) = preSolution
		Debug|Any CPU = Debug|Any CPU
		Release|Any CPU = Release|Any CPU
	EndGlobalSection
	GlobalSection(ProjectConfigurationPlatforms) = postSolution
		{8C379041-966A-4036-8AB1-C327EFDAED9E}.Debug|Any CPU.ActiveCfg = Debug|Any CPU
		{8C379041-966A-4036-8AB1-C327EFDAED9E}.Debug|Any CPU.Build.0 = Debug|Any CPU
		{8C379041-966A-4036-8AB1-C327EFDAED9E}.Release|Any CPU.ActiveCfg = Release|Any CPU
		{8C379041-966A-4036-8AB1-C327EFDAED9E}.Release|Any CPU.Build.0 = Release|Any CPU
		{A80BF00A-1198-4824-8FB7-DAFB30F4893C}.Debug|Any CPU.ActiveCfg = Debug|Any CPU
		{A80BF00A-1198-4824-8FB7-DAFB30F4893C}.Debug|Any CPU.Build.0 = Debug|Any CPU
		{A80BF00A-1198-4824-8FB7-DAFB30F4893C}.Release|Any CPU.ActiveCfg = Release|Any CPU
		{A80BF00A-1198-4824-8FB7-DAFB30F4893C}.Release|Any CPU.Build.0 = Release|Any CPU
		{8435396D-D7E5-4659-90E1-B6291C0FD843}.Debug|Any CPU.ActiveCfg = Debug|Any CPU
		{8435396D-D7E5-4659-90E1-B6291C0FD843}.Debug|Any CPU.Build.0 = Debug|Any CPU
		{8435396D-D7E5-4659-90E1-B6291C0FD843}.Release|Any CPU.ActiveCfg = Release|Any CPU
		{8435396D-D7E5-4659-90E1-B6291C0FD843}.Release|Any CPU.Build.0 = Release|Any CPU
		{47AF4A4C-AB4B-42BB-AD2F-6ED074133215}.Debug|Any CPU.ActiveCfg = Debug|Any CPU
		{47AF4A4C-AB4B-42BB-AD2F-6ED074133215}.Debug|Any CPU.Build.0 = Debug|Any CPU
		{47AF4A4C-AB4B-42BB-AD2F-6ED074133215}.Release|Any CPU.ActiveCfg = Release|Any CPU
		{47AF4A4C-AB4B-42BB-AD2F-6ED074133215}.Release|Any CPU.Build.0 = Release|Any CPU
		{59533AD3-F770-4920-AF32-880B3A2306AC}.Debug|Any CPU.ActiveCfg = Debug|Any CPU
		{59533AD3-F770-4920-AF32-880B3A2306AC}.Debug|Any CPU.Build.0 = Debug|Any CPU
		{59533AD3-F770-4920-AF32-880B3A2306AC}.Release|Any CPU.ActiveCfg = Release|Any CPU
		{59533AD3-F770-4920-AF32-880B3A2306AC}.Release|Any CPU.Build.0 = Release|Any CPU
	EndGlobalSection
	GlobalSection(SolutionProperties) = preSolution
		HideSolutionNode = FALSE
	EndGlobalSection
	GlobalSection(ExtensibilityGlobals) = postSolution
		SolutionGuid = {B42D6EDE-FA1E-4982-9E57-A5902DA23A09}
	EndGlobalSection
EndGlobal
